# This file is autogenerated, do not edit; changes may be undone by the next 'dep ensure'.


[[projects]]
  branch = "master"
  name = "github.com/therealplato/lifecycle"
  packages = ["."]
  revision = "03708000a019ab7aa705353be807a0dfd98ffb87"

[solve-meta]
  analyzer-name = "dep"
  analyzer-version = 1
  inputs-digest = "3b24ee2cf5eed9ae963e37654fafd9186e5e0d3e99008abf21708841c388f852"
  solver-name = "gps-cdcl"
  solver-version = 1
